// !$*UTF8*$!
{
	archiveVersion = 1;
	classes = {
	};
	objectVersion = 50;
	objects = {

/* Begin PBXBuildFile section */
		3199CE3121E332A2004C0119 /* MySDK.swift in Sources */ = {isa = PBXBuildFile; fileRef = 3199CE3021E332A2004C0119 /* MySDK.swift */; };
		3199CE3921E3333C004C0119 /* AppDelegate.swift in Sources */ = {isa = PBXBuildFile; fileRef = 3199CE3821E3333C004C0119 /* AppDelegate.swift */; };
		3199CE3B21E3333C004C0119 /* ViewController.swift in Sources */ = {isa = PBXBuildFile; fileRef = 3199CE3A21E3333C004C0119 /* ViewController.swift */; };
		3199CE3E21E3333C004C0119 /* Main.storyboard in Resources */ = {isa = PBXBuildFile; fileRef = 3199CE3C21E3333C004C0119 /* Main.storyboard */; };
		3199CE4021E3333E004C0119 /* Assets.xcassets in Resources */ = {isa = PBXBuildFile; fileRef = 3199CE3F21E3333E004C0119 /* Assets.xcassets */; };
		3199CE4321E3333E004C0119 /* LaunchScreen.storyboard in Resources */ = {isa = PBXBuildFile; fileRef = 3199CE4121E3333E004C0119 /* LaunchScreen.storyboard */; };
		3199CE4821E33357004C0119 /* MySDK.framework in Frameworks */ = {isa = PBXBuildFile; fileRef = 3199CE2521E33279004C0119 /* MySDK.framework */; };
		3199CE4921E33357004C0119 /* MySDK.framework in Embed Frameworks */ = {isa = PBXBuildFile; fileRef = 3199CE2521E33279004C0119 /* MySDK.framework */; settings = {ATTRIBUTES = (CodeSignOnCopy, RemoveHeadersOnCopy, ); }; };
		3199CE7C21E4495C004C0119 /* FawImageLoadUtils.swift in Sources */ = {isa = PBXBuildFile; fileRef = 3199CE7021E4495C004C0119 /* FawImageLoadUtils.swift */; };
		3199CE7D21E4495C004C0119 /* FawSdk.swift in Sources */ = {isa = PBXBuildFile; fileRef = 3199CE7121E4495C004C0119 /* FawSdk.swift */; };
		3199CE7E21E4495C004C0119 /* FawUserBehaviorUtils.swift in Sources */ = {isa = PBXBuildFile; fileRef = 3199CE7221E4495C004C0119 /* FawUserBehaviorUtils.swift */; };
		3199CE7F21E4495C004C0119 /* FawDiaryUtils.swift in Sources */ = {isa = PBXBuildFile; fileRef = 3199CE7321E4495C004C0119 /* FawDiaryUtils.swift */; };
		3199CE8021E4495C004C0119 /* NetworkListener.swift in Sources */ = {isa = PBXBuildFile; fileRef = 3199CE7521E4495C004C0119 /* NetworkListener.swift */; };
		3199CE8121E4495C004C0119 /* FawCallbackHandler.swift in Sources */ = {isa = PBXBuildFile; fileRef = 3199CE7621E4495C004C0119 /* FawCallbackHandler.swift */; };
		3199CE8221E4495C004C0119 /* HttpUtils.swift in Sources */ = {isa = PBXBuildFile; fileRef = 3199CE7721E4495C004C0119 /* HttpUtils.swift */; };
		3199CE8321E4495C004C0119 /* FawMimeType.swift in Sources */ = {isa = PBXBuildFile; fileRef = 3199CE7821E4495C004C0119 /* FawMimeType.swift */; };
		3199CE8421E4495C004C0119 /* FawHttpsTrustPolicy.swift in Sources */ = {isa = PBXBuildFile; fileRef = 3199CE7921E4495C004C0119 /* FawHttpsTrustPolicy.swift */; };
		3199CE8521E4495C004C0119 /* FawHttpConfig.swift in Sources */ = {isa = PBXBuildFile; fileRef = 3199CE7A21E4495C004C0119 /* FawHttpConfig.swift */; };
		3199CE8621E4495C004C0119 /* FawNetUtils.swift in Sources */ = {isa = PBXBuildFile; fileRef = 3199CE7B21E4495C004C0119 /* FawNetUtils.swift */; };
		9AC9417939CD89FDF776E69D /* Pods_MySDK.framework in Frameworks */ = {isa = PBXBuildFile; fileRef = EDC9154021899EE2CE331EB5 /* Pods_MySDK.framework */; };
		DEB58F4AF5CF41A8327F59DF /* Pods_Demo.framework in Frameworks */ = {isa = PBXBuildFile; fileRef = FDCE6CB06075E8651A7BD862 /* Pods_Demo.framework */; };
/* End PBXBuildFile section */

/* Begin PBXContainerItemProxy section */
		3199CE4A21E33357004C0119 /* PBXContainerItemProxy */ = {
			isa = PBXContainerItemProxy;
			containerPortal = 3199CE1C21E33279004C0119 /* Project object */;
			proxyType = 1;
			remoteGlobalIDString = 3199CE2421E33279004C0119;
			remoteInfo = MySDK;
		};
/* End PBXContainerItemProxy section */

/* Begin PBXCopyFilesBuildPhase section */
		3199CE4C21E33357004C0119 /* Embed Frameworks */ = {
			isa = PBXCopyFilesBuildPhase;
			buildActionMask = 2147483647;
			dstPath = "";
			dstSubfolderSpec = 10;
			files = (
				3199CE4921E33357004C0119 /* MySDK.framework in Embed Frameworks */,
			);
			name = "Embed Frameworks";
			runOnlyForDeploymentPostprocessing = 0;
		};
/* End PBXCopyFilesBuildPhase section */

/* Begin PBXFileReference section */
		3199CE2521E33279004C0119 /* MySDK.framework */ = {isa = PBXFileReference; explicitFileType = wrapper.framework; includeInIndex = 0; path = MySDK.framework; sourceTree = BUILT_PRODUCTS_DIR; };
		3199CE2921E33279004C0119 /* Info.plist */ = {isa = PBXFileReference; lastKnownFileType = text.plist.xml; path = Info.plist; sourceTree = "<group>"; };
		3199CE3021E332A2004C0119 /* MySDK.swift */ = {isa = PBXFileReference; lastKnownFileType = sourcecode.swift; path = MySDK.swift; sourceTree = "<group>"; };
		3199CE3621E3333C004C0119 /* Demo.app */ = {isa = PBXFileReference; explicitFileType = wrapper.application; includeInIndex = 0; path = Demo.app; sourceTree = BUILT_PRODUCTS_DIR; };
		3199CE3821E3333C004C0119 /* AppDelegate.swift */ = {isa = PBXFileReference; lastKnownFileType = sourcecode.swift; path = AppDelegate.swift; sourceTree = "<group>"; };
		3199CE3A21E3333C004C0119 /* ViewController.swift */ = {isa = PBXFileReference; lastKnownFileType = sourcecode.swift; path = ViewController.swift; sourceTree = "<group>"; };
		3199CE3D21E3333C004C0119 /* Base */ = {isa = PBXFileReference; lastKnownFileType = file.storyboard; name = Base; path = Base.lproj/Main.storyboard; sourceTree = "<group>"; };
		3199CE3F21E3333E004C0119 /* Assets.xcassets */ = {isa = PBXFileReference; lastKnownFileType = folder.assetcatalog; path = Assets.xcassets; sourceTree = "<group>"; };
		3199CE4221E3333E004C0119 /* Base */ = {isa = PBXFileReference; lastKnownFileType = file.storyboard; name = Base; path = Base.lproj/LaunchScreen.storyboard; sourceTree = "<group>"; };
		3199CE4421E3333E004C0119 /* Info.plist */ = {isa = PBXFileReference; lastKnownFileType = text.plist.xml; path = Info.plist; sourceTree = "<group>"; };
		3199CE7021E4495C004C0119 /* FawImageLoadUtils.swift */ = {isa = PBXFileReference; fileEncoding = 4; lastKnownFileType = sourcecode.swift; path = FawImageLoadUtils.swift; sourceTree = "<group>"; };
		3199CE7121E4495C004C0119 /* FawSdk.swift */ = {isa = PBXFileReference; fileEncoding = 4; lastKnownFileType = sourcecode.swift; path = FawSdk.swift; sourceTree = "<group>"; };
		3199CE7221E4495C004C0119 /* FawUserBehaviorUtils.swift */ = {isa = PBXFileReference; fileEncoding = 4; lastKnownFileType = sourcecode.swift; path = FawUserBehaviorUtils.swift; sourceTree = "<group>"; };
		3199CE7321E4495C004C0119 /* FawDiaryUtils.swift */ = {isa = PBXFileReference; fileEncoding = 4; lastKnownFileType = sourcecode.swift; path = FawDiaryUtils.swift; sourceTree = "<group>"; };
		3199CE7521E4495C004C0119 /* NetworkListener.swift */ = {isa = PBXFileReference; fileEncoding = 4; lastKnownFileType = sourcecode.swift; path = NetworkListener.swift; sourceTree = "<group>"; };
		3199CE7621E4495C004C0119 /* FawCallbackHandler.swift */ = {isa = PBXFileReference; fileEncoding = 4; lastKnownFileType = sourcecode.swift; path = FawCallbackHandler.swift; sourceTree = "<group>"; };
		3199CE7721E4495C004C0119 /* HttpUtils.swift */ = {isa = PBXFileReference; fileEncoding = 4; lastKnownFileType = sourcecode.swift; path = HttpUtils.swift; sourceTree = "<group>"; };
		3199CE7821E4495C004C0119 /* FawMimeType.swift */ = {isa = PBXFileReference; fileEncoding = 4; lastKnownFileType = sourcecode.swift; path = FawMimeType.swift; sourceTree = "<group>"; };
		3199CE7921E4495C004C0119 /* FawHttpsTrustPolicy.swift */ = {isa = PBXFileReference; fileEncoding = 4; lastKnownFileType = sourcecode.swift; path = FawHttpsTrustPolicy.swift; sourceTree = "<group>"; };
		3199CE7A21E4495C004C0119 /* FawHttpConfig.swift */ = {isa = PBXFileReference; fileEncoding = 4; lastKnownFileType = sourcecode.swift; path = FawHttpConfig.swift; sourceTree = "<group>"; };
		3199CE7B21E4495C004C0119 /* FawNetUtils.swift */ = {isa = PBXFileReference; fileEncoding = 4; lastKnownFileType = sourcecode.swift; path = FawNetUtils.swift; sourceTree = "<group>"; };
		396834980BE6E8763A0F9754 /* Pods-MySDK.debug.xcconfig */ = {isa = PBXFileReference; includeInIndex = 1; lastKnownFileType = text.xcconfig; name = "Pods-MySDK.debug.xcconfig"; path = "Pods/Target Support Files/Pods-MySDK/Pods-MySDK.debug.xcconfig"; sourceTree = "<group>"; };
		60EEB0FA4865044B73B616B7 /* Pods-Demo.release.xcconfig */ = {isa = PBXFileReference; includeInIndex = 1; lastKnownFileType = text.xcconfig; name = "Pods-Demo.release.xcconfig"; path = "Pods/Target Support Files/Pods-Demo/Pods-Demo.release.xcconfig"; sourceTree = "<group>"; };
		69E91414C9CE9E5DE4707ADF /* Pods-Demo.debug.xcconfig */ = {isa = PBXFileReference; includeInIndex = 1; lastKnownFileType = text.xcconfig; name = "Pods-Demo.debug.xcconfig"; path = "Pods/Target Support Files/Pods-Demo/Pods-Demo.debug.xcconfig"; sourceTree = "<group>"; };
		C92EFBEA6D982266B384A1A0 /* Pods-MySDK.release.xcconfig */ = {isa = PBXFileReference; includeInIndex = 1; lastKnownFileType = text.xcconfig; name = "Pods-MySDK.release.xcconfig"; path = "Pods/Target Support Files/Pods-MySDK/Pods-MySDK.release.xcconfig"; sourceTree = "<group>"; };
		EDC9154021899EE2CE331EB5 /* Pods_MySDK.framework */ = {isa = PBXFileReference; explicitFileType = wrapper.framework; includeInIndex = 0; path = Pods_MySDK.framework; sourceTree = BUILT_PRODUCTS_DIR; };
		FDCE6CB06075E8651A7BD862 /* Pods_Demo.framework */ = {isa = PBXFileReference; explicitFileType = wrapper.framework; includeInIndex = 0; path = Pods_Demo.framework; sourceTree = BUILT_PRODUCTS_DIR; };
/* End PBXFileReference section */

/* Begin PBXFrameworksBuildPhase section */
		3199CE2221E33279004C0119 /* Frameworks */ = {
			isa = PBXFrameworksBuildPhase;
			buildActionMask = 2147483647;
			files = (
				9AC9417939CD89FDF776E69D /* Pods_MySDK.framework in Frameworks */,
			);
			runOnlyForDeploymentPostprocessing = 0;
		};
		3199CE3321E3333C004C0119 /* Frameworks */ = {
			isa = PBXFrameworksBuildPhase;
			buildActionMask = 2147483647;
			files = (
				3199CE4821E33357004C0119 /* MySDK.framework in Frameworks */,
				DEB58F4AF5CF41A8327F59DF /* Pods_Demo.framework in Frameworks */,
			);
			runOnlyForDeploymentPostprocessing = 0;
		};
/* End PBXFrameworksBuildPhase section */

/* Begin PBXGroup section */
		3199CE1B21E33279004C0119 = {
			isa = PBXGroup;
			children = (
				3199CE2721E33279004C0119 /* MySDK */,
				3199CE3721E3333C004C0119 /* Demo */,
				3199CE2621E33279004C0119 /* Products */,
				C48AD5A73534C32C8B0DBAC0 /* Pods */,
				8FA2C7C7C1952F277590DBF4 /* Frameworks */,
			);
			sourceTree = "<group>";
		};
		3199CE2621E33279004C0119 /* Products */ = {
			isa = PBXGroup;
			children = (
				3199CE2521E33279004C0119 /* MySDK.framework */,
				3199CE3621E3333C004C0119 /* Demo.app */,
			);
			name = Products;
			sourceTree = "<group>";
		};
		3199CE2721E33279004C0119 /* MySDK */ = {
			isa = PBXGroup;
			children = (
				3199CE2921E33279004C0119 /* Info.plist */,
				3199CE7321E4495C004C0119 /* FawDiaryUtils.swift */,
				3199CE7021E4495C004C0119 /* FawImageLoadUtils.swift */,
				3199CE7421E4495C004C0119 /* FawNetUtils */,
				3199CE7121E4495C004C0119 /* FawSdk.swift */,
				3199CE7221E4495C004C0119 /* FawUserBehaviorUtils.swift */,
				3199CE3021E332A2004C0119 /* MySDK.swift */,
			);
			path = MySDK;
			sourceTree = "<group>";
		};
		3199CE3721E3333C004C0119 /* Demo */ = {
			isa = PBXGroup;
			children = (
				3199CE3821E3333C004C0119 /* AppDelegate.swift */,
				3199CE3A21E3333C004C0119 /* ViewController.swift */,
				3199CE3C21E3333C004C0119 /* Main.storyboard */,
				3199CE3F21E3333E004C0119 /* Assets.xcassets */,
				3199CE4121E3333E004C0119 /* LaunchScreen.storyboard */,
				3199CE4421E3333E004C0119 /* Info.plist */,
			);
			path = Demo;
			sourceTree = "<group>";
		};
		3199CE7421E4495C004C0119 /* FawNetUtils */ = {
			isa = PBXGroup;
			children = (
				3199CE7521E4495C004C0119 /* NetworkListener.swift */,
				3199CE7621E4495C004C0119 /* FawCallbackHandler.swift */,
				3199CE7721E4495C004C0119 /* HttpUtils.swift */,
				3199CE7821E4495C004C0119 /* FawMimeType.swift */,
				3199CE7921E4495C004C0119 /* FawHttpsTrustPolicy.swift */,
				3199CE7A21E4495C004C0119 /* FawHttpConfig.swift */,
				3199CE7B21E4495C004C0119 /* FawNetUtils.swift */,
			);
			path = FawNetUtils;
			sourceTree = "<group>";
		};
		8FA2C7C7C1952F277590DBF4 /* Frameworks */ = {
			isa = PBXGroup;
			children = (
				FDCE6CB06075E8651A7BD862 /* Pods_Demo.framework */,
				EDC9154021899EE2CE331EB5 /* Pods_MySDK.framework */,
			);
			name = Frameworks;
			sourceTree = "<group>";
		};
		C48AD5A73534C32C8B0DBAC0 /* Pods */ = {
			isa = PBXGroup;
			children = (
				69E91414C9CE9E5DE4707ADF /* Pods-Demo.debug.xcconfig */,
				60EEB0FA4865044B73B616B7 /* Pods-Demo.release.xcconfig */,
				396834980BE6E8763A0F9754 /* Pods-MySDK.debug.xcconfig */,
				C92EFBEA6D982266B384A1A0 /* Pods-MySDK.release.xcconfig */,
			);
			name = Pods;
			sourceTree = "<group>";
		};
/* End PBXGroup section */

/* Begin PBXHeadersBuildPhase section */
		3199CE2021E33279004C0119 /* Headers */ = {
			isa = PBXHeadersBuildPhase;
			buildActionMask = 2147483647;
			files = (
			);
			runOnlyForDeploymentPostprocessing = 0;
		};
/* End PBXHeadersBuildPhase section */

/* Begin PBXNativeTarget section */
		3199CE2421E33279004C0119 /* MySDK */ = {
			isa = PBXNativeTarget;
			buildConfigurationList = 3199CE2D21E33279004C0119 /* Build configuration list for PBXNativeTarget "MySDK" */;
			buildPhases = (
				06D6274684910277F91013BB /* [CP] Check Pods Manifest.lock */,
				3199CE2021E33279004C0119 /* Headers */,
				3199CE2121E33279004C0119 /* Sources */,
				3199CE2221E33279004C0119 /* Frameworks */,
				3199CE2321E33279004C0119 /* Resources */,
			);
			buildRules = (
			);
			dependencies = (
			);
			name = MySDK;
			productName = MySDK;
			productReference = 3199CE2521E33279004C0119 /* MySDK.framework */;
			productType = "com.apple.product-type.framework";
		};
		3199CE3521E3333C004C0119 /* Demo */ = {
			isa = PBXNativeTarget;
			buildConfigurationList = 3199CE4521E3333E004C0119 /* Build configuration list for PBXNativeTarget "Demo" */;
			buildPhases = (
				55FD85CFE47CF2013E765516 /* [CP] Check Pods Manifest.lock */,
				3199CE3221E3333C004C0119 /* Sources */,
				3199CE3321E3333C004C0119 /* Frameworks */,
				3199CE3421E3333C004C0119 /* Resources */,
				3199CE4C21E33357004C0119 /* Embed Frameworks */,
				5BAD2F32B0AC145AC07A7B59 /* [CP] Embed Pods Frameworks */,
			);
			buildRules = (
			);
			dependencies = (
				3199CE4B21E33357004C0119 /* PBXTargetDependency */,
			);
			name = Demo;
			productName = Demo;
			productReference = 3199CE3621E3333C004C0119 /* Demo.app */;
			productType = "com.apple.product-type.application";
		};
/* End PBXNativeTarget section */

/* Begin PBXProject section */
		3199CE1C21E33279004C0119 /* Project object */ = {
			isa = PBXProject;
			attributes = {
				LastSwiftUpdateCheck = 1010;
				LastUpgradeCheck = 1010;
				ORGANIZATIONNAME = cusc;
				TargetAttributes = {
					3199CE2421E33279004C0119 = {
						CreatedOnToolsVersion = 10.1;
						LastSwiftMigration = 1010;
					};
					3199CE3521E3333C004C0119 = {
						CreatedOnToolsVersion = 10.1;
					};
				};
			};
			buildConfigurationList = 3199CE1F21E33279004C0119 /* Build configuration list for PBXProject "MySDK" */;
			compatibilityVersion = "Xcode 9.3";
			developmentRegion = en;
			hasScannedForEncodings = 0;
			knownRegions = (
				en,
				Base,
			);
			mainGroup = 3199CE1B21E33279004C0119;
			productRefGroup = 3199CE2621E33279004C0119 /* Products */;
			projectDirPath = "";
			projectRoot = "";
			targets = (
				3199CE2421E33279004C0119 /* MySDK */,
				3199CE3521E3333C004C0119 /* Demo */,
			);
		};
/* End PBXProject section */

/* Begin PBXResourcesBuildPhase section */
		3199CE2321E33279004C0119 /* Resources */ = {
			isa = PBXResourcesBuildPhase;
			buildActionMask = 2147483647;
			files = (
			);
			runOnlyForDeploymentPostprocessing = 0;
		};
		3199CE3421E3333C004C0119 /* Resources */ = {
			isa = PBXResourcesBuildPhase;
			buildActionMask = 2147483647;
			files = (
				3199CE4321E3333E004C0119 /* LaunchScreen.storyboard in Resources */,
				3199CE4021E3333E004C0119 /* Assets.xcassets in Resources */,
				3199CE3E21E3333C004C0119 /* Main.storyboard in Resources */,
			);
			runOnlyForDeploymentPostprocessing = 0;
		};
/* End PBXResourcesBuildPhase section */

/* Begin PBXShellScriptBuildPhase section */
		06D6274684910277F91013BB /* [CP] Check Pods Manifest.lock */ = {
			isa = PBXShellScriptBuildPhase;
			buildActionMask = 2147483647;
			files = (
			);
			inputFileListPaths = (
			);
			inputPaths = (
				"${PODS_PODFILE_DIR_PATH}/Podfile.lock",
				"${PODS_ROOT}/Manifest.lock",
			);
			name = "[CP] Check Pods Manifest.lock";
			outputFileListPaths = (
			);
			outputPaths = (
				"$(DERIVED_FILE_DIR)/Pods-MySDK-checkManifestLockResult.txt",
			);
			runOnlyForDeploymentPostprocessing = 0;
			shellPath = /bin/sh;
			shellScript = "diff \"${PODS_PODFILE_DIR_PATH}/Podfile.lock\" \"${PODS_ROOT}/Manifest.lock\" > /dev/null\nif [ $? != 0 ] ; then\n    # print error to STDERR\n    echo \"error: The sandbox is not in sync with the Podfile.lock. Run 'pod install' or update your CocoaPods installation.\" >&2\n    exit 1\nfi\n# This output is used by Xcode 'outputs' to avoid re-running this script phase.\necho \"SUCCESS\" > \"${SCRIPT_OUTPUT_FILE_0}\"\n";
			showEnvVarsInLog = 0;
		};
		55FD85CFE47CF2013E765516 /* [CP] Check Pods Manifest.lock */ = {
			isa = PBXShellScriptBuildPhase;
			buildActionMask = 2147483647;
			files = (
			);
			inputFileListPaths = (
			);
			inputPaths = (
				"${PODS_PODFILE_DIR_PATH}/Podfile.lock",
				"${PODS_ROOT}/Manifest.lock",
			);
			name = "[CP] Check Pods Manifest.lock";
			outputFileListPaths = (
			);
			outputPaths = (
				"$(DERIVED_FILE_DIR)/Pods-Demo-checkManifestLockResult.txt",
			);
			runOnlyForDeploymentPostprocessing = 0;
			shellPath = /bin/sh;
			shellScript = "diff \"${PODS_PODFILE_DIR_PATH}/Podfile.lock\" \"${PODS_ROOT}/Manifest.lock\" > /dev/null\nif [ $? != 0 ] ; then\n    # print error to STDERR\n    echo \"error: The sandbox is not in sync with the Podfile.lock. Run 'pod install' or update your CocoaPods installation.\" >&2\n    exit 1\nfi\n# This output is used by Xcode 'outputs' to avoid re-running this script phase.\necho \"SUCCESS\" > \"${SCRIPT_OUTPUT_FILE_0}\"\n";
			showEnvVarsInLog = 0;
		};
		5BAD2F32B0AC145AC07A7B59 /* [CP] Embed Pods Frameworks */ = {
			isa = PBXShellScriptBuildPhase;
			buildActionMask = 2147483647;
			files = (
			);
			inputFileListPaths = (
			);
			inputPaths = (
				"${SRCROOT}/Pods/Target Support Files/Pods-Demo/Pods-Demo-frameworks.sh",
				"${BUILT_PRODUCTS_DIR}/Alamofire/Alamofire.framework",
				"${BUILT_PRODUCTS_DIR}/AlamofireObjectMapper/AlamofireObjectMapper.framework",
				"${BUILT_PRODUCTS_DIR}/Kingfisher/Kingfisher.framework",
				"${BUILT_PRODUCTS_DIR}/ObjectMapper/ObjectMapper.framework",
			);
			name = "[CP] Embed Pods Frameworks";
			outputFileListPaths = (
			);
			outputPaths = (
				"${TARGET_BUILD_DIR}/${FRAMEWORKS_FOLDER_PATH}/Alamofire.framework",
				"${TARGET_BUILD_DIR}/${FRAMEWORKS_FOLDER_PATH}/AlamofireObjectMapper.framework",
				"${TARGET_BUILD_DIR}/${FRAMEWORKS_FOLDER_PATH}/Kingfisher.framework",
				"${TARGET_BUILD_DIR}/${FRAMEWORKS_FOLDER_PATH}/ObjectMapper.framework",
			);
			runOnlyForDeploymentPostprocessing = 0;
			shellPath = /bin/sh;
			shellScript = "\"${SRCROOT}/Pods/Target Support Files/Pods-Demo/Pods-Demo-frameworks.sh\"\n";
			showEnvVarsInLog = 0;
		};
/* End PBXShellScriptBuildPhase section */

/* Begin PBXSourcesBuildPhase section */
		3199CE2121E33279004C0119 /* Sources */ = {
			isa = PBXSourcesBuildPhase;
			buildActionMask = 2147483647;
			files = (
				3199CE7F21E4495C004C0119 /* FawDiaryUtils.swift in Sources */,
				3199CE8421E4495C004C0119 /* FawHttpsTrustPolicy.swift in Sources */,
				3199CE8121E4495C004C0119 /* FawCallbackHandler.swift in Sources */,
				3199CE8321E4495C004C0119 /* FawMimeType.swift in Sources */,
				3199CE7C21E4495C004C0119 /* FawImageLoadUtils.swift in Sources */,
				3199CE8221E4495C004C0119 /* HttpUtils.swift in Sources */,
				3199CE3121E332A2004C0119 /* MySDK.swift in Sources */,
				3199CE8521E4495C004C0119 /* FawHttpConfig.swift in Sources */,
				3199CE7D21E4495C004C0119 /* FawSdk.swift in Sources */,
				3199CE8021E4495C004C0119 /* NetworkListener.swift in Sources */,
				3199CE8621E4495C004C0119 /* FawNetUtils.swift in Sources */,
				3199CE7E21E4495C004C0119 /* FawUserBehaviorUtils.swift in Sources */,
			);
			runOnlyForDeploymentPostprocessing = 0;
		};
		3199CE3221E3333C004C0119 /* Sources */ = {
			isa = PBXSourcesBuildPhase;
			buildActionMask = 2147483647;
			files = (
				3199CE3B21E3333C004C0119 /* ViewController.swift in Sources */,
				3199CE3921E3333C004C0119 /* AppDelegate.swift in Sources */,
			);
			runOnlyForDeploymentPostprocessing = 0;
		};
/* End PBXSourcesBuildPhase section */

/* Begin PBXTargetDependency section */
		3199CE4B21E33357004C0119 /* PBXTargetDependency */ = {
			isa = PBXTargetDependency;
			target = 3199CE2421E33279004C0119 /* MySDK */;
			targetProxy = 3199CE4A21E33357004C0119 /* PBXContainerItemProxy */;
		};
/* End PBXTargetDependency section */

/* Begin PBXVariantGroup section */
		3199CE3C21E3333C004C0119 /* Main.storyboard */ = {
			isa = PBXVariantGroup;
			children = (
				3199CE3D21E3333C004C0119 /* Base */,
			);
			name = Main.storyboard;
			sourceTree = "<group>";
		};
		3199CE4121E3333E004C0119 /* LaunchScreen.storyboard */ = {
			isa = PBXVariantGroup;
			children = (
				3199CE4221E3333E004C0119 /* Base */,
			);
			name = LaunchScreen.storyboard;
			sourceTree = "<group>";
		};
/* End PBXVariantGroup section */

/* Begin XCBuildConfiguration section */
		3199CE2B21E33279004C0119 /* Debug */ = {
			isa = XCBuildConfiguration;
			buildSettings = {
				ALWAYS_SEARCH_USER_PATHS = NO;
				CLANG_ANALYZER_NONNULL = YES;
				CLANG_ANALYZER_NUMBER_OBJECT_CONVERSION = YES_AGGRESSIVE;
				CLANG_CXX_LANGUAGE_STANDARD = "gnu++14";
				CLANG_CXX_LIBRARY = "libc++";
				CLANG_ENABLE_MODULES = YES;
				CLANG_ENABLE_OBJC_ARC = YES;
				CLANG_ENABLE_OBJC_WEAK = YES;
				CLANG_WARN_BLOCK_CAPTURE_AUTORELEASING = YES;
				CLANG_WARN_BOOL_CONVERSION = YES;
				CLANG_WARN_COMMA = YES;
				CLANG_WARN_CONSTANT_CONVERSION = YES;
				CLANG_WARN_DEPRECATED_OBJC_IMPLEMENTATIONS = YES;
				CLANG_WARN_DIRECT_OBJC_ISA_USAGE = YES_ERROR;
				CLANG_WARN_DOCUMENTATION_COMMENTS = YES;
				CLANG_WARN_EMPTY_BODY = YES;
				CLANG_WARN_ENUM_CONVERSION = YES;
				CLANG_WARN_INFINITE_RECURSION = YES;
				CLANG_WARN_INT_CONVERSION = YES;
				CLANG_WARN_NON_LITERAL_NULL_CONVERSION = YES;
				CLANG_WARN_OBJC_IMPLICIT_RETAIN_SELF = YES;
				CLANG_WARN_OBJC_LITERAL_CONVERSION = YES;
				CLANG_WARN_OBJC_ROOT_CLASS = YES_ERROR;
				CLANG_WARN_RANGE_LOOP_ANALYSIS = YES;
				CLANG_WARN_STRICT_PROTOTYPES = YES;
				CLANG_WARN_SUSPICIOUS_MOVE = YES;
				CLANG_WARN_UNGUARDED_AVAILABILITY = YES_AGGRESSIVE;
				CLANG_WARN_UNREACHABLE_CODE = YES;
				CLANG_WARN__DUPLICATE_METHOD_MATCH = YES;
				CODE_SIGN_IDENTITY = "iPhone Developer";
				COPY_PHASE_STRIP = NO;
				CURRENT_PROJECT_VERSION = 1;
				DEBUG_INFORMATION_FORMAT = dwarf;
				ENABLE_STRICT_OBJC_MSGSEND = YES;
				ENABLE_TESTABILITY = YES;
				GCC_C_LANGUAGE_STANDARD = gnu11;
				GCC_DYNAMIC_NO_PIC = NO;
				GCC_NO_COMMON_BLOCKS = YES;
				GCC_OPTIMIZATION_LEVEL = 0;
				GCC_PREPROCESSOR_DEFINITIONS = (
					"DEBUG=1",
					"$(inherited)",
				);
				GCC_WARN_64_TO_32_BIT_CONVERSION = YES;
				GCC_WARN_ABOUT_RETURN_TYPE = YES_ERROR;
				GCC_WARN_UNDECLARED_SELECTOR = YES;
				GCC_WARN_UNINITIALIZED_AUTOS = YES_AGGRESSIVE;
				GCC_WARN_UNUSED_FUNCTION = YES;
				GCC_WARN_UNUSED_VARIABLE = YES;
				IPHONEOS_DEPLOYMENT_TARGET = 9.0;
				MTL_ENABLE_DEBUG_INFO = INCLUDE_SOURCE;
				MTL_FAST_MATH = YES;
				ONLY_ACTIVE_ARCH = YES;
				SDKROOT = iphoneos;
				SWIFT_ACTIVE_COMPILATION_CONDITIONS = DEBUG;
				SWIFT_OPTIMIZATION_LEVEL = "-Onone";
				VERSIONING_SYSTEM = "apple-generic";
				VERSION_INFO_PREFIX = "";
			};
			name = Debug;
		};
		3199CE2C21E33279004C0119 /* Release */ = {
			isa = XCBuildConfiguration;
			buildSettings = {
				ALWAYS_SEARCH_USER_PATHS = NO;
				CLANG_ANALYZER_NONNULL = YES;
				CLANG_ANALYZER_NUMBER_OBJECT_CONVERSION = YES_AGGRESSIVE;
				CLANG_CXX_LANGUAGE_STANDARD = "gnu++14";
				CLANG_CXX_LIBRARY = "libc++";
				CLANG_ENABLE_MODULES = YES;
				CLANG_ENABLE_OBJC_ARC = YES;
				CLANG_ENABLE_OBJC_WEAK = YES;
				CLANG_WARN_BLOCK_CAPTURE_AUTORELEASING = YES;
				CLANG_WARN_BOOL_CONVERSION = YES;
				CLANG_WARN_COMMA = YES;
				CLANG_WARN_CONSTANT_CONVERSION = YES;
				CLANG_WARN_DEPRECATED_OBJC_IMPLEMENTATIONS = YES;
				CLANG_WARN_DIRECT_OBJC_ISA_USAGE = YES_ERROR;
				CLANG_WARN_DOCUMENTATION_COMMENTS = YES;
				CLANG_WARN_EMPTY_BODY = YES;
				CLANG_WARN_ENUM_CONVERSION = YES;
				CLANG_WARN_INFINITE_RECURSION = YES;
				CLANG_WARN_INT_CONVERSION = YES;
				CLANG_WARN_NON_LITERAL_NULL_CONVERSION = YES;
				CLANG_WARN_OBJC_IMPLICIT_RETAIN_SELF = YES;
				CLANG_WARN_OBJC_LITERAL_CONVERSION = YES;
				CLANG_WARN_OBJC_ROOT_CLASS = YES_ERROR;
				CLANG_WARN_RANGE_LOOP_ANALYSIS = YES;
				CLANG_WARN_STRICT_PROTOTYPES = YES;
				CLANG_WARN_SUSPICIOUS_MOVE = YES;
				CLANG_WARN_UNGUARDED_AVAILABILITY = YES_AGGRESSIVE;
				CLANG_WARN_UNREACHABLE_CODE = YES;
				CLANG_WARN__DUPLICATE_METHOD_MATCH = YES;
				CODE_SIGN_IDENTITY = "iPhone Developer";
				COPY_PHASE_STRIP = NO;
				CURRENT_PROJECT_VERSION = 1;
				DEBUG_INFORMATION_FORMAT = "dwarf-with-dsym";
				ENABLE_NS_ASSERTIONS = NO;
				ENABLE_STRICT_OBJC_MSGSEND = YES;
				GCC_C_LANGUAGE_STANDARD = gnu11;
				GCC_NO_COMMON_BLOCKS = YES;
				GCC_WARN_64_TO_32_BIT_CONVERSION = YES;
				GCC_WARN_ABOUT_RETURN_TYPE = YES_ERROR;
				GCC_WARN_UNDECLARED_SELECTOR = YES;
				GCC_WARN_UNINITIALIZED_AUTOS = YES_AGGRESSIVE;
				GCC_WARN_UNUSED_FUNCTION = YES;
				GCC_WARN_UNUSED_VARIABLE = YES;
				IPHONEOS_DEPLOYMENT_TARGET = 9.0;
				MTL_ENABLE_DEBUG_INFO = NO;
				MTL_FAST_MATH = YES;
				SDKROOT = iphoneos;
				SWIFT_COMPILATION_MODE = wholemodule;
				SWIFT_OPTIMIZATION_LEVEL = "-O";
				VALIDATE_PRODUCT = YES;
				VERSIONING_SYSTEM = "apple-generic";
				VERSION_INFO_PREFIX = "";
			};
			name = Release;
		};
		3199CE2E21E33279004C0119 /* Debug */ = {
			isa = XCBuildConfiguration;
			baseConfigurationReference = 396834980BE6E8763A0F9754 /* Pods-MySDK.debug.xcconfig */;
			buildSettings = {
				CLANG_ENABLE_MODULES = YES;
				CODE_SIGN_IDENTITY = "";
				CODE_SIGN_STYLE = Automatic;
				DEFINES_MODULE = YES;
				DEVELOPMENT_TEAM = B6Q5RKSB5N;
				DYLIB_COMPATIBILITY_VERSION = 1;
				DYLIB_CURRENT_VERSION = 1;
				DYLIB_INSTALL_NAME_BASE = "@rpath";
				INFOPLIST_FILE = MySDK/Info.plist;
				INSTALL_PATH = "$(LOCAL_LIBRARY_DIR)/Frameworks";
				LD_RUNPATH_SEARCH_PATHS = (
					"$(inherited)",
					"@executable_path/Frameworks",
					"@loader_path/Frameworks",
				);
				PRODUCT_BUNDLE_IDENTIFIER = com.cusc.MySDK;
				PRODUCT_NAME = "$(TARGET_NAME:c99extidentifier)";
				SKIP_INSTALL = NO;
				SWIFT_OPTIMIZATION_LEVEL = "-Onone";
				SWIFT_VERSION = 4.2;
				TARGETED_DEVICE_FAMILY = "1,2";
			};
			name = Debug;
		};
		3199CE2F21E33279004C0119 /* Release */ = {
			isa = XCBuildConfiguration;
			baseConfigurationReference = C92EFBEA6D982266B384A1A0 /* Pods-MySDK.release.xcconfig */;
			buildSettings = {
				CLANG_ENABLE_MODULES = YES;
				CODE_SIGN_IDENTITY = "";
				CODE_SIGN_STYLE = Automatic;
				DEFINES_MODULE = YES;
				DEVELOPMENT_TEAM = B6Q5RKSB5N;
				DYLIB_COMPATIBILITY_VERSION = 1;
				DYLIB_CURRENT_VERSION = 1;
				DYLIB_INSTALL_NAME_BASE = "@rpath";
				INFOPLIST_FILE = MySDK/Info.plist;
				INSTALL_PATH = "$(LOCAL_LIBRARY_DIR)/Frameworks";
				LD_RUNPATH_SEARCH_PATHS = (
					"$(inherited)",
					"@executable_path/Frameworks",
					"@loader_path/Frameworks",
				);
				PRODUCT_BUNDLE_IDENTIFIER = com.cusc.MySDK;
				PRODUCT_NAME = "$(TARGET_NAME:c99extidentifier)";
				SKIP_INSTALL = NO;
				SWIFT_VERSION = 4.2;
				TARGETED_DEVICE_FAMILY = "1,2";
			};
			name = Release;
		};
		3199CE4621E3333E004C0119 /* Debug */ = {
			isa = XCBuildConfiguration;
			baseConfigurationReference = 69E91414C9CE9E5DE4707ADF /* Pods-Demo.debug.xcconfig */;
			buildSettings = {
				ALWAYS_EMBED_SWIFT_STANDARD_LIBRARIES = YES;
				ASSETCATALOG_COMPILER_APPICON_NAME = AppIcon;
				CODE_SIGN_STYLE = Automatic;
				DEVELOPMENT_TEAM = B6Q5RKSB5N;
				INFOPLIST_FILE = Demo/Info.plist;
				LD_RUNPATH_SEARCH_PATHS = (
					"$(inherited)",
					"@executable_path/Frameworks",
				);
				PRODUCT_BUNDLE_IDENTIFIER = com.cusc.Demo;
				PRODUCT_NAME = "$(TARGET_NAME)";
				SWIFT_VERSION = 4.2;
				TARGETED_DEVICE_FAMILY = "1,2";
			};
			name = Debug;
		};
		3199CE4721E3333E004C0119 /* Release */ = {
			isa = XCBuildConfiguration;
			baseConfigurationReference = 60EEB0FA4865044B73B616B7 /* Pods-Demo.release.xcconfig */;
			buildSettings = {
				ALWAYS_EMBED_SWIFT_STANDARD_LIBRARIES = YES;
				ASSETCATALOG_COMPILER_APPICON_NAME = AppIcon;
				CODE_SIGN_STYLE = Automatic;
				DEVELOPMENT_TEAM = B6Q5RKSB5N;
				INFOPLIST_FILE = Demo/Info.plist;
				LD_RUNPATH_SEARCH_PATHS = (
					"$(inherited)",
					"@executable_path/Frameworks",
				);
				PRODUCT_BUNDLE_IDENTIFIER = com.cusc.Demo;
				PRODUCT_NAME = "$(TARGET_NAME)";
				SWIFT_VERSION = 4.2;
				TARGETED_DEVICE_FAMILY = "1,2";
			};
			name = Release;
		};
/* End XCBuildConfiguration section */

/* Begin XCConfigurationList section */
		3199CE1F21E33279004C0119 /* Build configuration list for PBXProject "MySDK" */ = {
			isa = XCConfigurationList;
			buildConfigurations = (
				3199CE2B21E33279004C0119 /* Debug */,
				3199CE2C21E33279004C0119 /* Release */,
			);
			defaultConfigurationIsVisible = 0;
			defaultConfigurationName = Release;
		};
		3199CE2D21E33279004C0119 /* Build configuration list for PBXNativeTarget "MySDK" */ = {
			isa = XCConfigurationList;
			buildConfigurations = (
				3199CE2E21E33279004C0119 /* Debug */,
				3199CE2F21E33279004C0119 /* Release */,
			);
			defaultConfigurationIsVisible = 0;
			defaultConfigurationName = Release;
		};
		3199CE4521E3333E004C0119 /* Build configuration list for PBXNativeTarget "Demo" */ = {
			isa = XCConfigurationList;
			buildConfigurations = (
				3199CE4621E3333E004C0119 /* Debug */,
				3199CE4721E3333E004C0119 /* Release */,
			);
			defaultConfigurationIsVisible = 0;
			defaultConfigurationName = Release;
		};
/* End XCConfigurationList section */
	};
	rootObject = 3199CE1C21E33279004C0119 /* Project object */;
}
